// !$*UTF8*$!
{
	archiveVersion = 1;
	classes = {
	};
	objectVersion = 55;
	objects = {

/* Begin PBXBuildFile section */
		B30A300327A2D3F100882039 /* alura_viagensApp.swift in Sources */ = {isa = PBXBuildFile; fileRef = B30A300227A2D3F100882039 /* alura_viagensApp.swift */; };
		B30A300527A2D3F100882039 /* ContentView.swift in Sources */ = {isa = PBXBuildFile; fileRef = B30A300427A2D3F100882039 /* ContentView.swift */; };
		B30A300727A2D3F200882039 /* Assets.xcassets in Resources */ = {isa = PBXBuildFile; fileRef = B30A300627A2D3F200882039 /* Assets.xcassets */; };
		B30A300A27A2D3F200882039 /* Preview Assets.xcassets in Resources */ = {isa = PBXBuildFile; fileRef = B30A300927A2D3F200882039 /* Preview Assets.xcassets */; };
		B37F4DDA27A3250A009B234E /* Dados.swift in Sources */ = {isa = PBXBuildFile; fileRef = B37F4DD727A3250A009B234E /* Dados.swift */; };
		B37F4DDB27A3250A009B234E /* Viagem.swift in Sources */ = {isa = PBXBuildFile; fileRef = B37F4DD827A3250A009B234E /* Viagem.swift */; };
		B37F4DDC27A3250A009B234E /* viagens.json in Resources */ = {isa = PBXBuildFile; fileRef = B37F4DD927A3250A009B234E /* viagens.json */; };
		B37F4DE127A337CD009B234E /* HeaderView.swift in Sources */ = {isa = PBXBuildFile; fileRef = B37F4DE027A337CD009B234E /* HeaderView.swift */; };
		B37F4DE327A33A5A009B234E /* CelulaViagemView.swift in Sources */ = {isa = PBXBuildFile; fileRef = B37F4DE227A33A5A009B234E /* CelulaViagemView.swift */; };
		B37F4DE527A35849009B234E /* MapaView.swift in Sources */ = {isa = PBXBuildFile; fileRef = B37F4DE427A35848009B234E /* MapaView.swift */; };
/* End PBXBuildFile section */

/* Begin PBXFileReference section */
		B30A2FFF27A2D3F100882039 /* alura-viagens.app */ = {isa = PBXFileReference; explicitFileType = wrapper.application; includeInIndex = 0; path = "alura-viagens.app"; sourceTree = BUILT_PRODUCTS_DIR; };
		B30A300227A2D3F100882039 /* alura_viagensApp.swift */ = {isa = PBXFileReference; lastKnownFileType = sourcecode.swift; path = alura_viagensApp.swift; sourceTree = "<group>"; };
		B30A300427A2D3F100882039 /* ContentView.swift */ = {isa = PBXFileReference; lastKnownFileType = sourcecode.swift; path = ContentView.swift; sourceTree = "<group>"; };
		B30A300627A2D3F200882039 /* Assets.xcassets */ = {isa = PBXFileReference; lastKnownFileType = folder.assetcatalog; path = Assets.xcassets; sourceTree = "<group>"; };
		B30A300927A2D3F200882039 /* Preview Assets.xcassets */ = {isa = PBXFileReference; lastKnownFileType = folder.assetcatalog; path = "Preview Assets.xcassets"; sourceTree = "<group>"; };
		B37F4DD727A3250A009B234E /* Dados.swift */ = {isa = PBXFileReference; fileEncoding = 4; lastKnownFileType = sourcecode.swift; path = Dados.swift; sourceTree = "<group>"; };
		B37F4DD827A3250A009B234E /* Viagem.swift */ = {isa = PBXFileReference; fileEncoding = 4; lastKnownFileType = sourcecode.swift; path = Viagem.swift; sourceTree = "<group>"; };
		B37F4DD927A3250A009B234E /* viagens.json */ = {isa = PBXFileReference; fileEncoding = 4; lastKnownFileType = text.json; path = viagens.json; sourceTree = "<group>"; };
		B37F4DE027A337CD009B234E /* HeaderView.swift */ = {isa = PBXFileReference; lastKnownFileType = sourcecode.swift; path = HeaderView.swift; sourceTree = "<group>"; };
		B37F4DE227A33A5A009B234E /* CelulaViagemView.swift */ = {isa = PBXFileReference; lastKnownFileType = sourcecode.swift; path = CelulaViagemView.swift; sourceTree = "<group>"; };
		B37F4DE427A35848009B234E /* MapaView.swift */ = {isa = PBXFileReference; lastKnownFileType = sourcecode.swift; path = MapaView.swift; sourceTree = "<group>"; };
/* End PBXFileReference section */

/* Begin PBXFrameworksBuildPhase section */
		B30A2FFC27A2D3F100882039 /* Frameworks */ = {
			isa = PBXFrameworksBuildPhase;
			buildActionMask = 2147483647;
			files = (
			);
			runOnlyForDeploymentPostprocessing = 0;
		};
/* End PBXFrameworksBuildPhase section */

/* Begin PBXGroup section */
		B30A2FF627A2D3F100882039 = {
			isa = PBXGroup;
			children = (
				B30A300127A2D3F100882039 /* alura-viagens */,
				B30A300027A2D3F100882039 /* Products */,
			);
			sourceTree = "<group>";
		};
		B30A300027A2D3F100882039 /* Products */ = {
			isa = PBXGroup;
			children = (
				B30A2FFF27A2D3F100882039 /* alura-viagens.app */,
			);
			name = Products;
			sourceTree = "<group>";
		};
		B30A300127A2D3F100882039 /* alura-viagens */ = {
			isa = PBXGroup;
			children = (
				B37F4DD627A3250A009B234E /* Models */,
				B37F4DDD27A33797009B234E /* Views */,
				B37F4DD927A3250A009B234E /* viagens.json */,
				B30A300227A2D3F100882039 /* alura_viagensApp.swift */,
				B30A300627A2D3F200882039 /* Assets.xcassets */,
				B30A300827A2D3F200882039 /* Preview Content */,
			);
			path = "alura-viagens";
			sourceTree = "<group>";
		};
		B30A300827A2D3F200882039 /* Preview Content */ = {
			isa = PBXGroup;
			children = (
				B30A300927A2D3F200882039 /* Preview Assets.xcassets */,
			);
			path = "Preview Content";
			sourceTree = "<group>";
		};
		B37F4DD627A3250A009B234E /* Models */ = {
			isa = PBXGroup;
			children = (
				B37F4DD727A3250A009B234E /* Dados.swift */,
				B37F4DD827A3250A009B234E /* Viagem.swift */,
			);
			path = Models;
			sourceTree = "<group>";
		};
		B37F4DDD27A33797009B234E /* Views */ = {
			isa = PBXGroup;
			children = (
				B37F4DE027A337CD009B234E /* HeaderView.swift */,
				B37F4DE227A33A5A009B234E /* CelulaViagemView.swift */,
				B30A300427A2D3F100882039 /* ContentView.swift */,
				B37F4DE427A35848009B234E /* MapaView.swift */,
			);
			path = Views;
			sourceTree = "<group>";
		};
/* End PBXGroup section */

/* Begin PBXNativeTarget section */
		B30A2FFE27A2D3F100882039 /* alura-viagens */ = {
			isa = PBXNativeTarget;
			buildConfigurationList = B30A300D27A2D3F200882039 /* Build configuration list for PBXNativeTarget "alura-viagens" */;
			buildPhases = (
				B30A2FFB27A2D3F100882039 /* Sources */,
				B30A2FFC27A2D3F100882039 /* Frameworks */,
				B30A2FFD27A2D3F100882039 /* Resources */,
			);
			buildRules = (
			);
			dependencies = (
			);
			name = "alura-viagens";
			productName = "alura-viagens";
			productReference = B30A2FFF27A2D3F100882039 /* alura-viagens.app */;
			productType = "com.apple.product-type.application";
		};
/* End PBXNativeTarget section */

/* Begin PBXProject section */
		B30A2FF727A2D3F100882039 /* Project object */ = {
			isa = PBXProject;
			attributes = {
				BuildIndependentTargetsInParallel = 1;
				LastSwiftUpdateCheck = 1320;
				LastUpgradeCheck = 1320;
				TargetAttributes = {
					B30A2FFE27A2D3F100882039 = {
						CreatedOnToolsVersion = 13.2.1;
					};
				};
			};
			buildConfigurationList = B30A2FFA27A2D3F100882039 /* Build configuration list for PBXProject "alura-viagens" */;
			compatibilityVersion = "Xcode 13.0";
			developmentRegion = en;
			hasScannedForEncodings = 0;
			knownRegions = (
				en,
				Base,
			);
			mainGroup = B30A2FF627A2D3F100882039;
			productRefGroup = B30A300027A2D3F100882039 /* Products */;
			projectDirPath = "";
			projectRoot = "";
			targets = (
				B30A2FFE27A2D3F100882039 /* alura-viagens */,
			);
		};
/* End PBXProject section */

/* Begin PBXResourcesBuildPhase section */
		B30A2FFD27A2D3F100882039 /* Resources */ = {
			isa = PBXResourcesBuildPhase;
			buildActionMask = 2147483647;
			files = (
				B30A300A27A2D3F200882039 /* Preview Assets.xcassets in Resources */,
				B30A300727A2D3F200882039 /* Assets.xcassets in Resources */,
				B37F4DDC27A3250A009B234E /* viagens.json in Resources */,
			);
			runOnlyForDeploymentPostprocessing = 0;
		};
/* End PBXResourcesBuildPhase section */

/* Begin PBXSourcesBuildPhase section */
		B30A2FFB27A2D3F100882039 /* Sources */ = {
			isa = PBXSourcesBuildPhase;
			buildActionMask = 2147483647;
			files = (
				B37F4DE127A337CD009B234E /* HeaderView.swift in Sources */,
				B37F4DE527A35849009B234E /* MapaView.swift in Sources */,
				B37F4DDB27A3250A009B234E /* Viagem.swift in Sources */,
				B30A300527A2D3F100882039 /* ContentView.swift in Sources */,
				B37F4DDA27A3250A009B234E /* Dados.swift in Sources */,
				B30A300327A2D3F100882039 /* alura_viagensApp.swift in Sources */,
				B37F4DE327A33A5A009B234E /* CelulaViagemView.swift in Sources */,
			);
			runOnlyForDeploymentPostprocessing = 0;
		};
/* End PBXSourcesBuildPhase section */

/* Begin XCBuildConfiguration section */
		B30A300B27A2D3F200882039 /* Debug */ = {
			isa = XCBuildConfiguration;
			buildSettings = {
				ALWAYS_SEARCH_USER_PATHS = NO;
				CLANG_ANALYZER_NONNULL = YES;
				CLANG_ANALYZER_NUMBER_OBJECT_CONVERSION = YES_AGGRESSIVE;
				CLANG_CXX_LANGUAGE_STANDARD = "gnu++17";
				CLANG_CXX_LIBRARY = "libc++";
				CLANG_ENABLE_MODULES = YES;
				CLANG_ENABLE_OBJC_ARC = YES;
				CLANG_ENABLE_OBJC_WEAK = YES;
				CLANG_WARN_BLOCK_CAPTURE_AUTORELEASING = YES;
				CLANG_WARN_BOOL_CONVERSION = YES;
				CLANG_WARN_COMMA = YES;
				CLANG_WARN_CONSTANT_CONVERSION = YES;
				CLANG_WARN_DEPRECATED_OBJC_IMPLEMENTATIONS = YES;
				CLANG_WARN_DIRECT_OBJC_ISA_USAGE = YES_ERROR;
				CLANG_WARN_DOCUMENTATION_COMMENTS = YES;
				CLANG_WARN_EMPTY_BODY = YES;
				CLANG_WARN_ENUM_CONVERSION = YES;
				CLANG_WARN_INFINITE_RECURSION = YES;
				CLANG_WARN_INT_CONVERSION = YES;
				CLANG_WARN_NON_LITERAL_NULL_CONVERSION = YES;
				CLANG_WARN_OBJC_IMPLICIT_RETAIN_SELF = YES;
				CLANG_WARN_OBJC_LITERAL_CONVERSION = YES;
				CLANG_WARN_OBJC_ROOT_CLASS = YES_ERROR;
				CLANG_WARN_QUOTED_INCLUDE_IN_FRAMEWORK_HEADER = YES;
				CLANG_WARN_RANGE_LOOP_ANALYSIS = YES;
				CLANG_WARN_STRICT_PROTOTYPES = YES;
				CLANG_WARN_SUSPICIOUS_MOVE = YES;
				CLANG_WARN_UNGUARDED_AVAILABILITY = YES_AGGRESSIVE;
				CLANG_WARN_UNREACHABLE_CODE = YES;
				CLANG_WARN__DUPLICATE_METHOD_MATCH = YES;
				COPY_PHASE_STRIP = NO;
				DEBUG_INFORMATION_FORMAT = dwarf;
				ENABLE_STRICT_OBJC_MSGSEND = YES;
				ENABLE_TESTABILITY = YES;
				GCC_C_LANGUAGE_STANDARD = gnu11;
				GCC_DYNAMIC_NO_PIC = NO;
				GCC_NO_COMMON_BLOCKS = YES;
				GCC_OPTIMIZATION_LEVEL = 0;
				GCC_PREPROCESSOR_DEFINITIONS = (
					"DEBUG=1",
					"$(inherited)",
				);
				GCC_WARN_64_TO_32_BIT_CONVERSION = YES;
				GCC_WARN_ABOUT_RETURN_TYPE = YES_ERROR;
				GCC_WARN_UNDECLARED_SELECTOR = YES;
				GCC_WARN_UNINITIALIZED_AUTOS = YES_AGGRESSIVE;
				GCC_WARN_UNUSED_FUNCTION = YES;
				GCC_WARN_UNUSED_VARIABLE = YES;
				IPHONEOS_DEPLOYMENT_TARGET = 15.2;
				MTL_ENABLE_DEBUG_INFO = INCLUDE_SOURCE;
				MTL_FAST_MATH = YES;
				ONLY_ACTIVE_ARCH = YES;
				SDKROOT = iphoneos;
				SWIFT_ACTIVE_COMPILATION_CONDITIONS = DEBUG;
				SWIFT_OPTIMIZATION_LEVEL = "-Onone";
			};
			name = Debug;
		};
		B30A300C27A2D3F200882039 /* Release */ = {
			isa = XCBuildConfiguration;
			buildSettings = {
				ALWAYS_SEARCH_USER_PATHS = NO;
				CLANG_ANALYZER_NONNULL = YES;
				CLANG_ANALYZER_NUMBER_OBJECT_CONVERSION = YES_AGGRESSIVE;
				CLANG_CXX_LANGUAGE_STANDARD = "gnu++17";
				CLANG_CXX_LIBRARY = "libc++";
				CLANG_ENABLE_MODULES = YES;
				CLANG_ENABLE_OBJC_ARC = YES;
				CLANG_ENABLE_OBJC_WEAK = YES;
				CLANG_WARN_BLOCK_CAPTURE_AUTORELEASING = YES;
				CLANG_WARN_BOOL_CONVERSION = YES;
				CLANG_WARN_COMMA = YES;
				CLANG_WARN_CONSTANT_CONVERSION = YES;
				CLANG_WARN_DEPRECATED_OBJC_IMPLEMENTATIONS = YES;
				CLANG_WARN_DIRECT_OBJC_ISA_USAGE = YES_ERROR;
				CLANG_WARN_DOCUMENTATION_COMMENTS = YES;
				CLANG_WARN_EMPTY_BODY = YES;
				CLANG_WARN_ENUM_CONVERSION = YES;
				CLANG_WARN_INFINITE_RECURSION = YES;
				CLANG_WARN_INT_CONVERSION = YES;
				CLANG_WARN_NON_LITERAL_NULL_CONVERSION = YES;
				CLANG_WARN_OBJC_IMPLICIT_RETAIN_SELF = YES;
				CLANG_WARN_OBJC_LITERAL_CONVERSION = YES;
				CLANG_WARN_OBJC_ROOT_CLASS = YES_ERROR;
				CLANG_WARN_QUOTED_INCLUDE_IN_FRAMEWORK_HEADER = YES;
				CLANG_WARN_RANGE_LOOP_ANALYSIS = YES;
				CLANG_WARN_STRICT_PROTOTYPES = YES;
				CLANG_WARN_SUSPICIOUS_MOVE = YES;
				CLANG_WARN_UNGUARDED_AVAILABILITY = YES_AGGRESSIVE;
				CLANG_WARN_UNREACHABLE_CODE = YES;
				CLANG_WARN__DUPLICATE_METHOD_MATCH = YES;
				COPY_PHASE_STRIP = NO;
				DEBUG_INFORMATION_FORMAT = "dwarf-with-dsym";
				ENABLE_NS_ASSERTIONS = NO;
				ENABLE_STRICT_OBJC_MSGSEND = YES;
				GCC_C_LANGUAGE_STANDARD = gnu11;
				GCC_NO_COMMON_BLOCKS = YES;
				GCC_WARN_64_TO_32_BIT_CONVERSION = YES;
				GCC_WARN_ABOUT_RETURN_TYPE = YES_ERROR;
				GCC_WARN_UNDECLARED_SELECTOR = YES;
				GCC_WARN_UNINITIALIZED_AUTOS = YES_AGGRESSIVE;
				GCC_WARN_UNUSED_FUNCTION = YES;
				GCC_WARN_UNUSED_VARIABLE = YES;
				IPHONEOS_DEPLOYMENT_TARGET = 15.2;
				MTL_ENABLE_DEBUG_INFO = NO;
				MTL_FAST_MATH = YES;
				SDKROOT = iphoneos;
				SWIFT_COMPILATION_MODE = wholemodule;
				SWIFT_OPTIMIZATION_LEVEL = "-O";
				VALIDATE_PRODUCT = YES;
			};
			name = Release;
		};
		B30A300E27A2D3F200882039 /* Debug */ = {
			isa = XCBuildConfiguration;
			buildSettings = {
				ASSETCATALOG_COMPILER_APPICON_NAME = AppIcon;
				ASSETCATALOG_COMPILER_GLOBAL_ACCENT_COLOR_NAME = AccentColor;
				CODE_SIGN_STYLE = Automatic;
				CURRENT_PROJECT_VERSION = 1;
				DEVELOPMENT_ASSET_PATHS = "\"alura-viagens/Preview Content\"";
				ENABLE_PREVIEWS = YES;
				GENERATE_INFOPLIST_FILE = YES;
				INFOPLIST_KEY_UIApplicationSceneManifest_Generation = YES;
				INFOPLIST_KEY_UIApplicationSupportsIndirectInputEvents = YES;
				INFOPLIST_KEY_UILaunchScreen_Generation = YES;
				INFOPLIST_KEY_UISupportedInterfaceOrientations_iPad = "UIInterfaceOrientationPortrait UIInterfaceOrientationPortraitUpsideDown UIInterfaceOrientationLandscapeLeft UIInterfaceOrientationLandscapeRight";
				INFOPLIST_KEY_UISupportedInterfaceOrientations_iPhone = "UIInterfaceOrientationPortrait UIInterfaceOrientationLandscapeLeft UIInterfaceOrientationLandscapeRight";
				LD_RUNPATH_SEARCH_PATHS = (
					"$(inherited)",
					"@executable_path/Frameworks",
				);
				MARKETING_VERSION = 1.0;
				PRODUCT_BUNDLE_IDENTIFIER = "martini.alura-viagens";
				PRODUCT_NAME = "$(TARGET_NAME)";
				SWIFT_EMIT_LOC_STRINGS = YES;
				SWIFT_VERSION = 5.0;
				TARGETED_DEVICE_FAMILY = "1,2";
			};
			name = Debug;
		};
		B30A300F27A2D3F200882039 /* Release */ = {
			isa = XCBuildConfiguration;
			buildSettings = {
				ASSETCATALOG_COMPILER_APPICON_NAME = AppIcon;
				ASSETCATALOG_COMPILER_GLOBAL_ACCENT_COLOR_NAME = AccentColor;
				CODE_SIGN_STYLE = Automatic;
				CURRENT_PROJECT_VERSION = 1;
				DEVELOPMENT_ASSET_PATHS = "\"alura-viagens/Preview Content\"";
				ENABLE_PREVIEWS = YES;
				GENERATE_INFOPLIST_FILE = YES;
				INFOPLIST_KEY_UIApplicationSceneManifest_Generation = YES;
				INFOPLIST_KEY_UIApplicationSupportsIndirectInputEvents = YES;
				INFOPLIST_KEY_UILaunchScreen_Generation = YES;
				INFOPLIST_KEY_UISupportedInterfaceOrientations_iPad = "UIInterfaceOrientationPortrait UIInterfaceOrientationPortraitUpsideDown UIInterfaceOrientationLandscapeLeft UIInterfaceOrientationLandscapeRight";
				INFOPLIST_KEY_UISupportedInterfaceOrientations_iPhone = "UIInterfaceOrientationPortrait UIInterfaceOrientationLandscapeLeft UIInterfaceOrientationLandscapeRight";
				LD_RUNPATH_SEARCH_PATHS = (
					"$(inherited)",
					"@executable_path/Frameworks",
				);
				MARKETING_VERSION = 1.0;
				PRODUCT_BUNDLE_IDENTIFIER = "martini.alura-viagens";
				PRODUCT_NAME = "$(TARGET_NAME)";
				SWIFT_EMIT_LOC_STRINGS = YES;
				SWIFT_VERSION = 5.0;
				TARGETED_DEVICE_FAMILY = "1,2";
			};
			name = Release;
		};
/* End XCBuildConfiguration section */

/* Begin XCConfigurationList section */
		B30A2FFA27A2D3F100882039 /* Build configuration list for PBXProject "alura-viagens" */ = {
			isa = XCConfigurationList;
			buildConfigurations = (
				B30A300B27A2D3F200882039 /* Debug */,
				B30A300C27A2D3F200882039 /* Release */,
			);
			defaultConfigurationIsVisible = 0;
			defaultConfigurationName = Release;
		};
		B30A300D27A2D3F200882039 /* Build configuration list for PBXNativeTarget "alura-viagens" */ = {
			isa = XCConfigurationList;
			buildConfigurations = (
				B30A300E27A2D3F200882039 /* Debug */,
				B30A300F27A2D3F200882039 /* Release */,
			);
			defaultConfigurationIsVisible = 0;
			defaultConfigurationName = Release;
		};
/* End XCConfigurationList section */
	};
	rootObject = B30A2FF727A2D3F100882039 /* Project object */;
}
